
Microsoft Visual Studio Solution File, Format Version 12.00
# Visual Studio Version 17
VisualStudioVersion = 17.0.32014.148
MinimumVisualStudioVersion = 10.0.40219.1
Project("{FAE04EC0-301F-11D3-BF4B-00C04F79EFBC}") = "LinkedIn.Essentials2", "LinkedIn.Essentials2\LinkedIn.Essentials2.csproj", "{B492A3AD-2890-4A48-8A25-274FD1CF8BA6}"
EndProject
Project("{FAE04EC0-301F-11D3-BF4B-00C04F79EFBC}") = "Essentials2.Library", "Essentials2.Library\Essentials2.Library.csproj", "{9508D9E5-70EC-46F6-9946-D3A7DCCFC777}"
EndProject
Global
	GlobalSection(SolutionConfigurationPlatforms) = preSolution
		Debug|Any CPU = Debug|Any CPU
		Release|Any CPU = Release|Any CPU
	EndGlobalSection
	GlobalSection(ProjectConfigurationPlatforms) = postSolution
		{B492A3AD-2890-4A48-8A25-274FD1CF8BA6}.Debug|Any CPU.ActiveCfg = Debug|Any CPU
		{B492A3AD-2890-4A48-8A25-274FD1CF8BA6}.Debug|Any CPU.Build.0 = Debug|Any CPU
		{B492A3AD-2890-4A48-8A25-274FD1CF8BA6}.Release|Any CPU.ActiveCfg = Release|Any CPU
		{B492A3AD-2890-4A48-8A25-274FD1CF8BA6}.Release|Any CPU.Build.0 = Release|Any CPU
		{9508D9E5-70EC-46F6-9946-D3A7DCCFC777}.Debug|Any CPU.ActiveCfg = Debug|Any CPU
		{9508D9E5-70EC-46F6-9946-D3A7DCCFC777}.Debug|Any CPU.Build.0 = Debug|Any CPU
		{9508D9E5-70EC-46F6-9946-D3A7DCCFC777}.Release|Any CPU.ActiveCfg = Release|Any CPU
		{9508D9E5-70EC-46F6-9946-D3A7DCCFC777}.Release|Any CPU.Build.0 = Release|Any CPU
	EndGlobalSection
	GlobalSection(SolutionProperties) = preSolution
		HideSolutionNode = FALSE
	EndGlobalSection
	GlobalSection(ExtensibilityGlobals) = postSolution
		SolutionGuid = {A060FD35-D8EC-46D8-B89F-8EC5312DB370}
	EndGlobalSection
EndGlobal
